
Microsoft Visual Studio Solution File, Format Version 12.00
# Visual Studio Version 17
VisualStudioVersion = 17.12.35707.178 d17.12
MinimumVisualStudioVersion = 10.0.40219.1
Project("{FAE04EC0-301F-11D3-BF4B-00C04F79EFBC}") = "CRUDT3", "CRUDT3\CRUDT3.csproj", "{4AE1DC28-E400-4355-B8B7-40A5ED08730B}"
EndProject
Global
	GlobalSection(SolutionConfigurationPlatforms) = preSolution
		Debug|Any CPU = Debug|Any CPU
		Release|Any CPU = Release|Any CPU
	EndGlobalSection
	GlobalSection(ProjectConfigurationPlatforms) = postSolution
		{4AE1DC28-E400-4355-B8B7-40A5ED08730B}.Debug|Any CPU.ActiveCfg = Debug|Any CPU
		{4AE1DC28-E400-4355-B8B7-40A5ED08730B}.Debug|Any CPU.Build.0 = Debug|Any CPU
		{4AE1DC28-E400-4355-B8B7-40A5ED08730B}.Release|Any CPU.ActiveCfg = Release|Any CPU
		{4AE1DC28-E400-4355-B8B7-40A5ED08730B}.Release|Any CPU.Build.0 = Release|Any CPU
	EndGlobalSection
	GlobalSection(SolutionProperties) = preSolution
		HideSolutionNode = FALSE
	EndGlobalSection
EndGlobal
